// !$*UTF8*$!
{
	archiveVersion = 1;
	classes = {
	};
	objectVersion = 50;
	objects = {

/* Begin PBXBuildFile section */
		8D4A238A2381A83D005887D3 /* Players.json in Resources */ = {isa = PBXBuildFile; fileRef = 8D4A23892381A83D005887D3 /* Players.json */; };
		8D4A238C2381BF6A005887D3 /* PlayerView.swift in Sources */ = {isa = PBXBuildFile; fileRef = 8D4A238B2381BF6A005887D3 /* PlayerView.swift */; };
		8D4A238E2381C48D005887D3 /* Bundle+Extension.swift in Sources */ = {isa = PBXBuildFile; fileRef = 8D4A238D2381C48D005887D3 /* Bundle+Extension.swift */; };
		8D4A23902381C574005887D3 /* PlayerViewModel.swift in Sources */ = {isa = PBXBuildFile; fileRef = 8D4A238F2381C574005887D3 /* PlayerViewModel.swift */; };
		8D4A23922381C5A1005887D3 /* Player.swift in Sources */ = {isa = PBXBuildFile; fileRef = 8D4A23912381C5A1005887D3 /* Player.swift */; };
		8D4A23942381D881005887D3 /* HorizontalView.swift in Sources */ = {isa = PBXBuildFile; fileRef = 8D4A23932381D881005887D3 /* HorizontalView.swift */; };
		8D4A23962381DC10005887D3 /* ActivityIndicator.swift in Sources */ = {isa = PBXBuildFile; fileRef = 8D4A23952381DC10005887D3 /* ActivityIndicator.swift */; };
		8D4C6E65237C593800C47AB6 /* SwiftUIList.framework in Frameworks */ = {isa = PBXBuildFile; fileRef = 8D7BB24A237AF522008E007C /* SwiftUIList.framework */; };
		8D4C6E66237C593800C47AB6 /* SwiftUIList.framework in Embed Frameworks */ = {isa = PBXBuildFile; fileRef = 8D7BB24A237AF522008E007C /* SwiftUIList.framework */; settings = {ATTRIBUTES = (CodeSignOnCopy, RemoveHeadersOnCopy, ); }; };
		8D4C6E6A237C5A2B00C47AB6 /* SwiftUIList.swift in Sources */ = {isa = PBXBuildFile; fileRef = 8D7BB26D237AF9C4008E007C /* SwiftUIList.swift */; };
		8D7BB24F237AF522008E007C /* SwiftUIList.h in Headers */ = {isa = PBXBuildFile; fileRef = 8D7BB24D237AF522008E007C /* SwiftUIList.h */; settings = {ATTRIBUTES = (Public, ); }; };
		8D7BB25C237AF619008E007C /* AppDelegate.swift in Sources */ = {isa = PBXBuildFile; fileRef = 8D7BB25B237AF619008E007C /* AppDelegate.swift */; };
		8D7BB25E237AF619008E007C /* SceneDelegate.swift in Sources */ = {isa = PBXBuildFile; fileRef = 8D7BB25D237AF619008E007C /* SceneDelegate.swift */; };
		8D7BB260237AF619008E007C /* VerticalView.swift in Sources */ = {isa = PBXBuildFile; fileRef = 8D7BB25F237AF619008E007C /* VerticalView.swift */; };
		8D7BB262237AF61A008E007C /* Assets.xcassets in Resources */ = {isa = PBXBuildFile; fileRef = 8D7BB261237AF61A008E007C /* Assets.xcassets */; };
		8D7BB265237AF61A008E007C /* Preview Assets.xcassets in Resources */ = {isa = PBXBuildFile; fileRef = 8D7BB264237AF61A008E007C /* Preview Assets.xcassets */; };
		8D7BB268237AF61A008E007C /* LaunchScreen.storyboard in Resources */ = {isa = PBXBuildFile; fileRef = 8D7BB266237AF61A008E007C /* LaunchScreen.storyboard */; };
		8D7BB26E237AF9C4008E007C /* SwiftUIList.swift in Sources */ = {isa = PBXBuildFile; fileRef = 8D7BB26D237AF9C4008E007C /* SwiftUIList.swift */; };
/* End PBXBuildFile section */

/* Begin PBXContainerItemProxy section */
		8D4C6E67237C593800C47AB6 /* PBXContainerItemProxy */ = {
			isa = PBXContainerItemProxy;
			containerPortal = 8D7BB241237AF522008E007C /* Project object */;
			proxyType = 1;
			remoteGlobalIDString = 8D7BB249237AF522008E007C;
			remoteInfo = SwiftUIList;
		};
/* End PBXContainerItemProxy section */

/* Begin PBXCopyFilesBuildPhase section */
		8D4C6E69237C593800C47AB6 /* Embed Frameworks */ = {
			isa = PBXCopyFilesBuildPhase;
			buildActionMask = 2147483647;
			dstPath = "";
			dstSubfolderSpec = 10;
			files = (
				8D4C6E66237C593800C47AB6 /* SwiftUIList.framework in Embed Frameworks */,
			);
			name = "Embed Frameworks";
			runOnlyForDeploymentPostprocessing = 0;
		};
/* End PBXCopyFilesBuildPhase section */

/* Begin PBXFileReference section */
		8D4A23892381A83D005887D3 /* Players.json */ = {isa = PBXFileReference; lastKnownFileType = text.json; path = Players.json; sourceTree = "<group>"; };
		8D4A238B2381BF6A005887D3 /* PlayerView.swift */ = {isa = PBXFileReference; lastKnownFileType = sourcecode.swift; path = PlayerView.swift; sourceTree = "<group>"; };
		8D4A238D2381C48D005887D3 /* Bundle+Extension.swift */ = {isa = PBXFileReference; lastKnownFileType = sourcecode.swift; path = "Bundle+Extension.swift"; sourceTree = "<group>"; };
		8D4A238F2381C574005887D3 /* PlayerViewModel.swift */ = {isa = PBXFileReference; lastKnownFileType = sourcecode.swift; path = PlayerViewModel.swift; sourceTree = "<group>"; };
		8D4A23912381C5A1005887D3 /* Player.swift */ = {isa = PBXFileReference; lastKnownFileType = sourcecode.swift; path = Player.swift; sourceTree = "<group>"; };
		8D4A23932381D881005887D3 /* HorizontalView.swift */ = {isa = PBXFileReference; lastKnownFileType = sourcecode.swift; path = HorizontalView.swift; sourceTree = "<group>"; };
		8D4A23952381DC10005887D3 /* ActivityIndicator.swift */ = {isa = PBXFileReference; lastKnownFileType = sourcecode.swift; path = ActivityIndicator.swift; sourceTree = "<group>"; };
		8D4A23972381DFC9005887D3 /* ar */ = {isa = PBXFileReference; lastKnownFileType = text.plist.strings; name = ar; path = ar.lproj/LaunchScreen.strings; sourceTree = "<group>"; };
		8D7BB24A237AF522008E007C /* SwiftUIList.framework */ = {isa = PBXFileReference; explicitFileType = wrapper.framework; includeInIndex = 0; path = SwiftUIList.framework; sourceTree = BUILT_PRODUCTS_DIR; };
		8D7BB24D237AF522008E007C /* SwiftUIList.h */ = {isa = PBXFileReference; lastKnownFileType = sourcecode.c.h; path = SwiftUIList.h; sourceTree = "<group>"; };
		8D7BB24E237AF522008E007C /* Info.plist */ = {isa = PBXFileReference; lastKnownFileType = text.plist.xml; path = Info.plist; sourceTree = "<group>"; };
		8D7BB259237AF619008E007C /* SwiftUIListExample.app */ = {isa = PBXFileReference; explicitFileType = wrapper.application; includeInIndex = 0; path = SwiftUIListExample.app; sourceTree = BUILT_PRODUCTS_DIR; };
		8D7BB25B237AF619008E007C /* AppDelegate.swift */ = {isa = PBXFileReference; lastKnownFileType = sourcecode.swift; path = AppDelegate.swift; sourceTree = "<group>"; };
		8D7BB25D237AF619008E007C /* SceneDelegate.swift */ = {isa = PBXFileReference; lastKnownFileType = sourcecode.swift; path = SceneDelegate.swift; sourceTree = "<group>"; };
		8D7BB25F237AF619008E007C /* VerticalView.swift */ = {isa = PBXFileReference; lastKnownFileType = sourcecode.swift; path = VerticalView.swift; sourceTree = "<group>"; };
		8D7BB261237AF61A008E007C /* Assets.xcassets */ = {isa = PBXFileReference; lastKnownFileType = folder.assetcatalog; path = Assets.xcassets; sourceTree = "<group>"; };
		8D7BB264237AF61A008E007C /* Preview Assets.xcassets */ = {isa = PBXFileReference; lastKnownFileType = folder.assetcatalog; path = "Preview Assets.xcassets"; sourceTree = "<group>"; };
		8D7BB267237AF61A008E007C /* Base */ = {isa = PBXFileReference; lastKnownFileType = file.storyboard; name = Base; path = Base.lproj/LaunchScreen.storyboard; sourceTree = "<group>"; };
		8D7BB269237AF61A008E007C /* Info.plist */ = {isa = PBXFileReference; lastKnownFileType = text.plist.xml; path = Info.plist; sourceTree = "<group>"; };
		8D7BB26D237AF9C4008E007C /* SwiftUIList.swift */ = {isa = PBXFileReference; lastKnownFileType = sourcecode.swift; path = SwiftUIList.swift; sourceTree = "<group>"; };
/* End PBXFileReference section */

/* Begin PBXFrameworksBuildPhase section */
		8D7BB247237AF522008E007C /* Frameworks */ = {
			isa = PBXFrameworksBuildPhase;
			buildActionMask = 2147483647;
			files = (
			);
			runOnlyForDeploymentPostprocessing = 0;
		};
		8D7BB256237AF619008E007C /* Frameworks */ = {
			isa = PBXFrameworksBuildPhase;
			buildActionMask = 2147483647;
			files = (
				8D4C6E65237C593800C47AB6 /* SwiftUIList.framework in Frameworks */,
			);
			runOnlyForDeploymentPostprocessing = 0;
		};
/* End PBXFrameworksBuildPhase section */

/* Begin PBXGroup section */
		8D4A23882381A80C005887D3 /* Resources */ = {
			isa = PBXGroup;
			children = (
				8D4A23892381A83D005887D3 /* Players.json */,
			);
			path = Resources;
			sourceTree = "<group>";
		};
		8D4C6E64237C593800C47AB6 /* Frameworks */ = {
			isa = PBXGroup;
			children = (
			);
			name = Frameworks;
			sourceTree = "<group>";
		};
		8D4C6E6B237C5A6200C47AB6 /* ViewModel */ = {
			isa = PBXGroup;
			children = (
				8D4A238F2381C574005887D3 /* PlayerViewModel.swift */,
			);
			path = ViewModel;
			sourceTree = "<group>";
		};
		8D7BB240237AF522008E007C = {
			isa = PBXGroup;
			children = (
				8D7BB24C237AF522008E007C /* SwiftUIList */,
				8D7BB25A237AF619008E007C /* SwiftUIListExample */,
				8D7BB24B237AF522008E007C /* Products */,
				8D4C6E64237C593800C47AB6 /* Frameworks */,
			);
			sourceTree = "<group>";
		};
		8D7BB24B237AF522008E007C /* Products */ = {
			isa = PBXGroup;
			children = (
				8D7BB24A237AF522008E007C /* SwiftUIList.framework */,
				8D7BB259237AF619008E007C /* SwiftUIListExample.app */,
			);
			name = Products;
			sourceTree = "<group>";
		};
		8D7BB24C237AF522008E007C /* SwiftUIList */ = {
			isa = PBXGroup;
			children = (
				8D7BB24D237AF522008E007C /* SwiftUIList.h */,
				8D7BB24E237AF522008E007C /* Info.plist */,
				8D7BB26D237AF9C4008E007C /* SwiftUIList.swift */,
			);
			path = SwiftUIList;
			sourceTree = "<group>";
		};
		8D7BB25A237AF619008E007C /* SwiftUIListExample */ = {
			isa = PBXGroup;
			children = (
				8D4A23882381A80C005887D3 /* Resources */,
				8D4C6E6B237C5A6200C47AB6 /* ViewModel */,
				8D7BB271237B256F008E007C /* Model */,
				8D7BB26F237B196C008E007C /* Utilities */,
				8D7BB25B237AF619008E007C /* AppDelegate.swift */,
				8D7BB25D237AF619008E007C /* SceneDelegate.swift */,
				8D7BB25F237AF619008E007C /* VerticalView.swift */,
				8D4A23932381D881005887D3 /* HorizontalView.swift */,
				8D4A238B2381BF6A005887D3 /* PlayerView.swift */,
				8D7BB261237AF61A008E007C /* Assets.xcassets */,
				8D7BB266237AF61A008E007C /* LaunchScreen.storyboard */,
				8D7BB269237AF61A008E007C /* Info.plist */,
				8D7BB263237AF61A008E007C /* Preview Content */,
			);
			path = SwiftUIListExample;
			sourceTree = "<group>";
		};
		8D7BB263237AF61A008E007C /* Preview Content */ = {
			isa = PBXGroup;
			children = (
				8D7BB264237AF61A008E007C /* Preview Assets.xcassets */,
			);
			path = "Preview Content";
			sourceTree = "<group>";
		};
		8D7BB26F237B196C008E007C /* Utilities */ = {
			isa = PBXGroup;
			children = (
				8D4A238D2381C48D005887D3 /* Bundle+Extension.swift */,
				8D4A23952381DC10005887D3 /* ActivityIndicator.swift */,
			);
			path = Utilities;
			sourceTree = "<group>";
		};
		8D7BB271237B256F008E007C /* Model */ = {
			isa = PBXGroup;
			children = (
				8D4A23912381C5A1005887D3 /* Player.swift */,
			);
			path = Model;
			sourceTree = "<group>";
		};
/* End PBXGroup section */

/* Begin PBXHeadersBuildPhase section */
		8D7BB245237AF522008E007C /* Headers */ = {
			isa = PBXHeadersBuildPhase;
			buildActionMask = 2147483647;
			files = (
				8D7BB24F237AF522008E007C /* SwiftUIList.h in Headers */,
			);
			runOnlyForDeploymentPostprocessing = 0;
		};
/* End PBXHeadersBuildPhase section */

/* Begin PBXNativeTarget section */
		8D7BB249237AF522008E007C /* SwiftUIList */ = {
			isa = PBXNativeTarget;
			buildConfigurationList = 8D7BB252237AF522008E007C /* Build configuration list for PBXNativeTarget "SwiftUIList" */;
			buildPhases = (
				8D7BB245237AF522008E007C /* Headers */,
				8D7BB246237AF522008E007C /* Sources */,
				8D7BB247237AF522008E007C /* Frameworks */,
				8D7BB248237AF522008E007C /* Resources */,
			);
			buildRules = (
			);
			dependencies = (
			);
			name = SwiftUIList;
			productName = SwiftUIList;
			productReference = 8D7BB24A237AF522008E007C /* SwiftUIList.framework */;
			productType = "com.apple.product-type.framework";
		};
		8D7BB258237AF619008E007C /* SwiftUIListExample */ = {
			isa = PBXNativeTarget;
			buildConfigurationList = 8D7BB26A237AF61A008E007C /* Build configuration list for PBXNativeTarget "SwiftUIListExample" */;
			buildPhases = (
				8D7BB255237AF619008E007C /* Sources */,
				8D7BB256237AF619008E007C /* Frameworks */,
				8D7BB257237AF619008E007C /* Resources */,
				8D4C6E69237C593800C47AB6 /* Embed Frameworks */,
			);
			buildRules = (
			);
			dependencies = (
				8D4C6E68237C593800C47AB6 /* PBXTargetDependency */,
			);
			name = SwiftUIListExample;
			productName = SwiftUIListExample;
			productReference = 8D7BB259237AF619008E007C /* SwiftUIListExample.app */;
			productType = "com.apple.product-type.application";
		};
/* End PBXNativeTarget section */

/* Begin PBXProject section */
		8D7BB241237AF522008E007C /* Project object */ = {
			isa = PBXProject;
			attributes = {
				LastSwiftUpdateCheck = 1110;
				LastUpgradeCheck = 1110;
				ORGANIZATIONNAME = Code95;
				TargetAttributes = {
					8D7BB249237AF522008E007C = {
						CreatedOnToolsVersion = 11.1;
						LastSwiftMigration = 1110;
					};
					8D7BB258237AF619008E007C = {
						CreatedOnToolsVersion = 11.1;
					};
				};
			};
			buildConfigurationList = 8D7BB244237AF522008E007C /* Build configuration list for PBXProject "SwiftUIList" */;
			compatibilityVersion = "Xcode 9.3";
			developmentRegion = en;
			hasScannedForEncodings = 0;
			knownRegions = (
				en,
				Base,
				ar,
			);
			mainGroup = 8D7BB240237AF522008E007C;
			productRefGroup = 8D7BB24B237AF522008E007C /* Products */;
			projectDirPath = "";
			projectRoot = "";
			targets = (
				8D7BB249237AF522008E007C /* SwiftUIList */,
				8D7BB258237AF619008E007C /* SwiftUIListExample */,
			);
		};
/* End PBXProject section */

/* Begin PBXResourcesBuildPhase section */
		8D7BB248237AF522008E007C /* Resources */ = {
			isa = PBXResourcesBuildPhase;
			buildActionMask = 2147483647;
			files = (
			);
			runOnlyForDeploymentPostprocessing = 0;
		};
		8D7BB257237AF619008E007C /* Resources */ = {
			isa = PBXResourcesBuildPhase;
			buildActionMask = 2147483647;
			files = (
				8D4A238A2381A83D005887D3 /* Players.json in Resources */,
				8D7BB268237AF61A008E007C /* LaunchScreen.storyboard in Resources */,
				8D7BB265237AF61A008E007C /* Preview Assets.xcassets in Resources */,
				8D7BB262237AF61A008E007C /* Assets.xcassets in Resources */,
			);
			runOnlyForDeploymentPostprocessing = 0;
		};
/* End PBXResourcesBuildPhase section */

/* Begin PBXSourcesBuildPhase section */
		8D7BB246237AF522008E007C /* Sources */ = {
			isa = PBXSourcesBuildPhase;
			buildActionMask = 2147483647;
			files = (
				8D7BB26E237AF9C4008E007C /* SwiftUIList.swift in Sources */,
			);
			runOnlyForDeploymentPostprocessing = 0;
		};
		8D7BB255237AF619008E007C /* Sources */ = {
			isa = PBXSourcesBuildPhase;
			buildActionMask = 2147483647;
			files = (
				8D4A23942381D881005887D3 /* HorizontalView.swift in Sources */,
				8D4A238E2381C48D005887D3 /* Bundle+Extension.swift in Sources */,
				8D4A238C2381BF6A005887D3 /* PlayerView.swift in Sources */,
				8D4A23922381C5A1005887D3 /* Player.swift in Sources */,
				8D4C6E6A237C5A2B00C47AB6 /* SwiftUIList.swift in Sources */,
				8D7BB25C237AF619008E007C /* AppDelegate.swift in Sources */,
				8D4A23962381DC10005887D3 /* ActivityIndicator.swift in Sources */,
				8D7BB25E237AF619008E007C /* SceneDelegate.swift in Sources */,
				8D4A23902381C574005887D3 /* PlayerViewModel.swift in Sources */,
				8D7BB260237AF619008E007C /* VerticalView.swift in Sources */,
			);
			runOnlyForDeploymentPostprocessing = 0;
		};
/* End PBXSourcesBuildPhase section */

/* Begin PBXTargetDependency section */
		8D4C6E68237C593800C47AB6 /* PBXTargetDependency */ = {
			isa = PBXTargetDependency;
			target = 8D7BB249237AF522008E007C /* SwiftUIList */;
			targetProxy = 8D4C6E67237C593800C47AB6 /* PBXContainerItemProxy */;
		};
/* End PBXTargetDependency section */

/* Begin PBXVariantGroup section */
		8D7BB266237AF61A008E007C /* LaunchScreen.storyboard */ = {
			isa = PBXVariantGroup;
			children = (
				8D7BB267237AF61A008E007C /* Base */,
				8D4A23972381DFC9005887D3 /* ar */,
			);
			name = LaunchScreen.storyboard;
			sourceTree = "<group>";
		};
/* End PBXVariantGroup section */

/* Begin XCBuildConfiguration section */
		8D7BB250237AF522008E007C /* Debug */ = {
			isa = XCBuildConfiguration;
			buildSettings = {
				ALWAYS_SEARCH_USER_PATHS = NO;
				CLANG_ANALYZER_LOCALIZABILITY_NONLOCALIZED = YES;
				CLANG_ANALYZER_NONNULL = YES;
				CLANG_ANALYZER_NUMBER_OBJECT_CONVERSION = YES_AGGRESSIVE;
				CLANG_CXX_LANGUAGE_STANDARD = "gnu++14";
				CLANG_CXX_LIBRARY = "libc++";
				CLANG_ENABLE_MODULES = YES;
				CLANG_ENABLE_OBJC_ARC = YES;
				CLANG_ENABLE_OBJC_WEAK = YES;
				CLANG_WARN_BLOCK_CAPTURE_AUTORELEASING = YES;
				CLANG_WARN_BOOL_CONVERSION = YES;
				CLANG_WARN_COMMA = YES;
				CLANG_WARN_CONSTANT_CONVERSION = YES;
				CLANG_WARN_DEPRECATED_OBJC_IMPLEMENTATIONS = YES;
				CLANG_WARN_DIRECT_OBJC_ISA_USAGE = YES_ERROR;
				CLANG_WARN_DOCUMENTATION_COMMENTS = YES;
				CLANG_WARN_EMPTY_BODY = YES;
				CLANG_WARN_ENUM_CONVERSION = YES;
				CLANG_WARN_INFINITE_RECURSION = YES;
				CLANG_WARN_INT_CONVERSION = YES;
				CLANG_WARN_NON_LITERAL_NULL_CONVERSION = YES;
				CLANG_WARN_OBJC_IMPLICIT_RETAIN_SELF = YES;
				CLANG_WARN_OBJC_LITERAL_CONVERSION = YES;
				CLANG_WARN_OBJC_ROOT_CLASS = YES_ERROR;
				CLANG_WARN_RANGE_LOOP_ANALYSIS = YES;
				CLANG_WARN_STRICT_PROTOTYPES = YES;
				CLANG_WARN_SUSPICIOUS_MOVE = YES;
				CLANG_WARN_UNGUARDED_AVAILABILITY = YES_AGGRESSIVE;
				CLANG_WARN_UNREACHABLE_CODE = YES;
				CLANG_WARN__DUPLICATE_METHOD_MATCH = YES;
				COPY_PHASE_STRIP = NO;
				CURRENT_PROJECT_VERSION = 1;
				DEBUG_INFORMATION_FORMAT = dwarf;
				ENABLE_STRICT_OBJC_MSGSEND = YES;
				ENABLE_TESTABILITY = YES;
				GCC_C_LANGUAGE_STANDARD = gnu11;
				GCC_DYNAMIC_NO_PIC = NO;
				GCC_NO_COMMON_BLOCKS = YES;
				GCC_OPTIMIZATION_LEVEL = 0;
				GCC_PREPROCESSOR_DEFINITIONS = (
					"DEBUG=1",
					"$(inherited)",
				);
				GCC_WARN_64_TO_32_BIT_CONVERSION = YES;
				GCC_WARN_ABOUT_RETURN_TYPE = YES_ERROR;
				GCC_WARN_UNDECLARED_SELECTOR = YES;
				GCC_WARN_UNINITIALIZED_AUTOS = YES_AGGRESSIVE;
				GCC_WARN_UNUSED_FUNCTION = YES;
				GCC_WARN_UNUSED_VARIABLE = YES;
				IPHONEOS_DEPLOYMENT_TARGET = 13.1;
				MTL_ENABLE_DEBUG_INFO = INCLUDE_SOURCE;
				MTL_FAST_MATH = YES;
				ONLY_ACTIVE_ARCH = YES;
				SDKROOT = iphoneos;
				SWIFT_ACTIVE_COMPILATION_CONDITIONS = DEBUG;
				SWIFT_OPTIMIZATION_LEVEL = "-Onone";
				VERSIONING_SYSTEM = "apple-generic";
				VERSION_INFO_PREFIX = "";
			};
			name = Debug;
		};
		8D7BB251237AF522008E007C /* Release */ = {
			isa = XCBuildConfiguration;
			buildSettings = {
				ALWAYS_SEARCH_USER_PATHS = NO;
				CLANG_ANALYZER_LOCALIZABILITY_NONLOCALIZED = YES;
				CLANG_ANALYZER_NONNULL = YES;
				CLANG_ANALYZER_NUMBER_OBJECT_CONVERSION = YES_AGGRESSIVE;
				CLANG_CXX_LANGUAGE_STANDARD = "gnu++14";
				CLANG_CXX_LIBRARY = "libc++";
				CLANG_ENABLE_MODULES = YES;
				CLANG_ENABLE_OBJC_ARC = YES;
				CLANG_ENABLE_OBJC_WEAK = YES;
				CLANG_WARN_BLOCK_CAPTURE_AUTORELEASING = YES;
				CLANG_WARN_BOOL_CONVERSION = YES;
				CLANG_WARN_COMMA = YES;
				CLANG_WARN_CONSTANT_CONVERSION = YES;
				CLANG_WARN_DEPRECATED_OBJC_IMPLEMENTATIONS = YES;
				CLANG_WARN_DIRECT_OBJC_ISA_USAGE = YES_ERROR;
				CLANG_WARN_DOCUMENTATION_COMMENTS = YES;
				CLANG_WARN_EMPTY_BODY = YES;
				CLANG_WARN_ENUM_CONVERSION = YES;
				CLANG_WARN_INFINITE_RECURSION = YES;
				CLANG_WARN_INT_CONVERSION = YES;
				CLANG_WARN_NON_LITERAL_NULL_CONVERSION = YES;
				CLANG_WARN_OBJC_IMPLICIT_RETAIN_SELF = YES;
				CLANG_WARN_OBJC_LITERAL_CONVERSION = YES;
				CLANG_WARN_OBJC_ROOT_CLASS = YES_ERROR;
				CLANG_WARN_RANGE_LOOP_ANALYSIS = YES;
				CLANG_WARN_STRICT_PROTOTYPES = YES;
				CLANG_WARN_SUSPICIOUS_MOVE = YES;
				CLANG_WARN_UNGUARDED_AVAILABILITY = YES_AGGRESSIVE;
				CLANG_WARN_UNREACHABLE_CODE = YES;
				CLANG_WARN__DUPLICATE_METHOD_MATCH = YES;
				COPY_PHASE_STRIP = NO;
				CURRENT_PROJECT_VERSION = 1;
				DEBUG_INFORMATION_FORMAT = "dwarf-with-dsym";
				ENABLE_NS_ASSERTIONS = NO;
				ENABLE_STRICT_OBJC_MSGSEND = YES;
				GCC_C_LANGUAGE_STANDARD = gnu11;
				GCC_NO_COMMON_BLOCKS = YES;
				GCC_WARN_64_TO_32_BIT_CONVERSION = YES;
				GCC_WARN_ABOUT_RETURN_TYPE = YES_ERROR;
				GCC_WARN_UNDECLARED_SELECTOR = YES;
				GCC_WARN_UNINITIALIZED_AUTOS = YES_AGGRESSIVE;
				GCC_WARN_UNUSED_FUNCTION = YES;
				GCC_WARN_UNUSED_VARIABLE = YES;
				IPHONEOS_DEPLOYMENT_TARGET = 13.1;
				MTL_ENABLE_DEBUG_INFO = NO;
				MTL_FAST_MATH = YES;
				SDKROOT = iphoneos;
				SWIFT_COMPILATION_MODE = wholemodule;
				SWIFT_OPTIMIZATION_LEVEL = "-O";
				VALIDATE_PRODUCT = YES;
				VERSIONING_SYSTEM = "apple-generic";
				VERSION_INFO_PREFIX = "";
			};
			name = Release;
		};
		8D7BB253237AF522008E007C /* Debug */ = {
			isa = XCBuildConfiguration;
			buildSettings = {
				CLANG_ENABLE_MODULES = YES;
				CODE_SIGN_STYLE = Automatic;
				DEFINES_MODULE = YES;
				DYLIB_COMPATIBILITY_VERSION = 1;
				DYLIB_CURRENT_VERSION = 1;
				DYLIB_INSTALL_NAME_BASE = "@rpath";
				INFOPLIST_FILE = SwiftUIList/Info.plist;
				INSTALL_PATH = "$(LOCAL_LIBRARY_DIR)/Frameworks";
				LD_RUNPATH_SEARCH_PATHS = (
					"$(inherited)",
					"@executable_path/Frameworks",
					"@loader_path/Frameworks",
				);
				PRODUCT_BUNDLE_IDENTIFIER = com.code95.SwiftUIList;
				PRODUCT_NAME = "$(TARGET_NAME:c99extidentifier)";
				SKIP_INSTALL = YES;
				SWIFT_OPTIMIZATION_LEVEL = "-Onone";
				SWIFT_VERSION = 5.0;
				TARGETED_DEVICE_FAMILY = "1,2";
			};
			name = Debug;
		};
		8D7BB254237AF522008E007C /* Release */ = {
			isa = XCBuildConfiguration;
			buildSettings = {
				CLANG_ENABLE_MODULES = YES;
				CODE_SIGN_STYLE = Automatic;
				DEFINES_MODULE = YES;
				DYLIB_COMPATIBILITY_VERSION = 1;
				DYLIB_CURRENT_VERSION = 1;
				DYLIB_INSTALL_NAME_BASE = "@rpath";
				INFOPLIST_FILE = SwiftUIList/Info.plist;
				INSTALL_PATH = "$(LOCAL_LIBRARY_DIR)/Frameworks";
				LD_RUNPATH_SEARCH_PATHS = (
					"$(inherited)",
					"@executable_path/Frameworks",
					"@loader_path/Frameworks",
				);
				PRODUCT_BUNDLE_IDENTIFIER = com.code95.SwiftUIList;
				PRODUCT_NAME = "$(TARGET_NAME:c99extidentifier)";
				SKIP_INSTALL = YES;
				SWIFT_VERSION = 5.0;
				TARGETED_DEVICE_FAMILY = "1,2";
			};
			name = Release;
		};
		8D7BB26B237AF61A008E007C /* Debug */ = {
			isa = XCBuildConfiguration;
			buildSettings = {
				ASSETCATALOG_COMPILER_APPICON_NAME = AppIcon;
				CODE_SIGN_STYLE = Automatic;
				DEVELOPMENT_ASSET_PATHS = "\"SwiftUIListExample/Preview Content\"";
				ENABLE_PREVIEWS = YES;
				INFOPLIST_FILE = SwiftUIListExample/Info.plist;
				LD_RUNPATH_SEARCH_PATHS = (
					"$(inherited)",
					"@executable_path/Frameworks",
				);
				PRODUCT_BUNDLE_IDENTIFIER = com.code95.SwiftUIListExample;
				PRODUCT_NAME = "$(TARGET_NAME)";
				SWIFT_VERSION = 5.0;
				TARGETED_DEVICE_FAMILY = "1,2";
			};
			name = Debug;
		};
		8D7BB26C237AF61A008E007C /* Release */ = {
			isa = XCBuildConfiguration;
			buildSettings = {
				ASSETCATALOG_COMPILER_APPICON_NAME = AppIcon;
				CODE_SIGN_STYLE = Automatic;
				DEVELOPMENT_ASSET_PATHS = "\"SwiftUIListExample/Preview Content\"";
				ENABLE_PREVIEWS = YES;
				INFOPLIST_FILE = SwiftUIListExample/Info.plist;
				LD_RUNPATH_SEARCH_PATHS = (
					"$(inherited)",
					"@executable_path/Frameworks",
				);
				PRODUCT_BUNDLE_IDENTIFIER = com.code95.SwiftUIListExample;
				PRODUCT_NAME = "$(TARGET_NAME)";
				SWIFT_VERSION = 5.0;
				TARGETED_DEVICE_FAMILY = "1,2";
			};
			name = Release;
		};
/* End XCBuildConfiguration section */

/* Begin XCConfigurationList section */
		8D7BB244237AF522008E007C /* Build configuration list for PBXProject "SwiftUIList" */ = {
			isa = XCConfigurationList;
			buildConfigurations = (
				8D7BB250237AF522008E007C /* Debug */,
				8D7BB251237AF522008E007C /* Release */,
			);
			defaultConfigurationIsVisible = 0;
			defaultConfigurationName = Release;
		};
		8D7BB252237AF522008E007C /* Build configuration list for PBXNativeTarget "SwiftUIList" */ = {
			isa = XCConfigurationList;
			buildConfigurations = (
				8D7BB253237AF522008E007C /* Debug */,
				8D7BB254237AF522008E007C /* Release */,
			);
			defaultConfigurationIsVisible = 0;
			defaultConfigurationName = Release;
		};
		8D7BB26A237AF61A008E007C /* Build configuration list for PBXNativeTarget "SwiftUIListExample" */ = {
			isa = XCConfigurationList;
			buildConfigurations = (
				8D7BB26B237AF61A008E007C /* Debug */,
				8D7BB26C237AF61A008E007C /* Release */,
			);
			defaultConfigurationIsVisible = 0;
			defaultConfigurationName = Release;
		};
/* End XCConfigurationList section */
	};
	rootObject = 8D7BB241237AF522008E007C /* Project object */;
}
